
Microsoft Visual Studio Solution File, Format Version 12.00
# Visual Studio Version 16
VisualStudioVersion = 25.0.1706.7
MinimumVisualStudioVersion = 10.0.40219.1
Project("{FAE04EC0-301F-11D3-BF4B-00C04F79EFBC}") = "MethodOverRiding", "MethodOverRiding.csproj", "{5F983FE3-A98B-4973-8AA5-4C418E6CC9B2}"
EndProject
Global
	GlobalSection(SolutionConfigurationPlatforms) = preSolution
		Debug|Any CPU = Debug|Any CPU
		Release|Any CPU = Release|Any CPU
	EndGlobalSection
	GlobalSection(ProjectConfigurationPlatforms) = postSolution
		{5F983FE3-A98B-4973-8AA5-4C418E6CC9B2}.Debug|Any CPU.ActiveCfg = Debug|Any CPU
		{5F983FE3-A98B-4973-8AA5-4C418E6CC9B2}.Debug|Any CPU.Build.0 = Debug|Any CPU
		{5F983FE3-A98B-4973-8AA5-4C418E6CC9B2}.Release|Any CPU.ActiveCfg = Release|Any CPU
		{5F983FE3-A98B-4973-8AA5-4C418E6CC9B2}.Release|Any CPU.Build.0 = Release|Any CPU
	EndGlobalSection
	GlobalSection(SolutionProperties) = preSolution
		HideSolutionNode = FALSE
	EndGlobalSection
	GlobalSection(ExtensibilityGlobals) = postSolution
		SolutionGuid = {7951AC29-D391-4B3D-A12E-55EED461F34F}
	EndGlobalSection
EndGlobal
